
Microsoft Visual Studio Solution File, Format Version 12.00
# Visual Studio Version 17
VisualStudioVersion = 17.10.35013.160
MinimumVisualStudioVersion = 10.0.40219.1
Project("{8BC9CEB8-8B4A-11D0-8D11-00A0C91BC942}") = "icpc", "icpc\icpc.vcxproj", "{2E541EEB-EE36-4E94-9509-12AADFFAF889}"
EndProject
Global
	GlobalSection(SolutionConfigurationPlatforms) = preSolution
		Debug|x64 = Debug|x64
		Debug|x86 = Debug|x86
		Release|x64 = Release|x64
		Release|x86 = Release|x86
	EndGlobalSection
	GlobalSection(ProjectConfigurationPlatforms) = postSolution
		{2E541EEB-EE36-4E94-9509-12AADFFAF889}.Debug|x64.ActiveCfg = Debug|x64
		{2E541EEB-EE36-4E94-9509-12AADFFAF889}.Debug|x64.Build.0 = Debug|x64
		{2E541EEB-EE36-4E94-9509-12AADFFAF889}.Debug|x86.ActiveCfg = Debug|Win32
		{2E541EEB-EE36-4E94-9509-12AADFFAF889}.Debug|x86.Build.0 = Debug|Win32
		{2E541EEB-EE36-4E94-9509-12AADFFAF889}.Release|x64.ActiveCfg = Release|x64
		{2E541EEB-EE36-4E94-9509-12AADFFAF889}.Release|x64.Build.0 = Release|x64
		{2E541EEB-EE36-4E94-9509-12AADFFAF889}.Release|x86.ActiveCfg = Release|Win32
		{2E541EEB-EE36-4E94-9509-12AADFFAF889}.Release|x86.Build.0 = Release|Win32
	EndGlobalSection
	GlobalSection(SolutionProperties) = preSolution
		HideSolutionNode = FALSE
	EndGlobalSection
	GlobalSection(ExtensibilityGlobals) = postSolution
		SolutionGuid = {DC479417-99C4-44EB-B827-798EC80B0278}
	EndGlobalSection
EndGlobal
